// !$*UTF8*$!
{
	archiveVersion = 1;
	classes = {
	};
	objectVersion = 46;
	objects = {

/* Begin PBXBuildFile section */
		7F4B6E8D15614779006F5B1E /* UIKit.framework in Frameworks */ = {isa = PBXBuildFile; fileRef = 7F4B6E8C15614779006F5B1E /* UIKit.framework */; };
		7F4B6E8F15614779006F5B1E /* Foundation.framework in Frameworks */ = {isa = PBXBuildFile; fileRef = 7F4B6E8E15614779006F5B1E /* Foundation.framework */; };
		7F4B6E9115614779006F5B1E /* CoreGraphics.framework in Frameworks */ = {isa = PBXBuildFile; fileRef = 7F4B6E9015614779006F5B1E /* CoreGraphics.framework */; };
		7F4B6E9715614779006F5B1E /* InfoPlist.strings in Resources */ = {isa = PBXBuildFile; fileRef = 7F4B6E9515614779006F5B1E /* InfoPlist.strings */; };
		7F4B6E9915614779006F5B1E /* main.m in Sources */ = {isa = PBXBuildFile; fileRef = 7F4B6E9815614779006F5B1E /* main.m */; };
		7F4B6E9D15614779006F5B1E /* Simple_TableAppDelegate.m in Sources */ = {isa = PBXBuildFile; fileRef = 7F4B6E9C15614779006F5B1E /* Simple_TableAppDelegate.m */; };
		7F4B6EA015614779006F5B1E /* Simple_TableViewController.m in Sources */ = {isa = PBXBuildFile; fileRef = 7F4B6E9F15614779006F5B1E /* Simple_TableViewController.m */; };
		7F4B6EA315614779006F5B1E /* Simple_TableViewController.xib in Resources */ = {isa = PBXBuildFile; fileRef = 7F4B6EA115614779006F5B1E /* Simple_TableViewController.xib */; };
		7F4B6EAA156150AD006F5B1E /* star.png in Resources */ = {isa = PBXBuildFile; fileRef = 7F4B6EA9156150AD006F5B1E /* star.png */; };
		7F4B6EAC15615323006F5B1E /* highLighted.png in Resources */ = {isa = PBXBuildFile; fileRef = 7F4B6EAB15615323006F5B1E /* highLighted.png */; };
		7F4B6EAE15615378006F5B1E /* star2.png in Resources */ = {isa = PBXBuildFile; fileRef = 7F4B6EAD15615378006F5B1E /* star2.png */; };
/* End PBXBuildFile section */

/* Begin PBXFileReference section */
		7F4B6E8815614779006F5B1E /* Simple Table.app */ = {isa = PBXFileReference; explicitFileType = wrapper.application; includeInIndex = 0; path = "Simple Table.app"; sourceTree = BUILT_PRODUCTS_DIR; };
		7F4B6E8C15614779006F5B1E /* UIKit.framework */ = {isa = PBXFileReference; lastKnownFileType = wrapper.framework; name = UIKit.framework; path = System/Library/Frameworks/UIKit.framework; sourceTree = SDKROOT; };
		7F4B6E8E15614779006F5B1E /* Foundation.framework */ = {isa = PBXFileReference; lastKnownFileType = wrapper.framework; name = Foundation.framework; path = System/Library/Frameworks/Foundation.framework; sourceTree = SDKROOT; };
		7F4B6E9015614779006F5B1E /* CoreGraphics.framework */ = {isa = PBXFileReference; lastKnownFileType = wrapper.framework; name = CoreGraphics.framework; path = System/Library/Frameworks/CoreGraphics.framework; sourceTree = SDKROOT; };
		7F4B6E9415614779006F5B1E /* Simple Table-Info.plist */ = {isa = PBXFileReference; lastKnownFileType = text.plist.xml; path = "Simple Table-Info.plist"; sourceTree = "<group>"; };
		7F4B6E9615614779006F5B1E /* en */ = {isa = PBXFileReference; lastKnownFileType = text.plist.strings; name = en; path = en.lproj/InfoPlist.strings; sourceTree = "<group>"; };
		7F4B6E9815614779006F5B1E /* main.m */ = {isa = PBXFileReference; lastKnownFileType = sourcecode.c.objc; path = main.m; sourceTree = "<group>"; };
		7F4B6E9A15614779006F5B1E /* Simple Table-Prefix.pch */ = {isa = PBXFileReference; lastKnownFileType = sourcecode.c.h; path = "Simple Table-Prefix.pch"; sourceTree = "<group>"; };
		7F4B6E9B15614779006F5B1E /* Simple_TableAppDelegate.h */ = {isa = PBXFileReference; lastKnownFileType = sourcecode.c.h; path = Simple_TableAppDelegate.h; sourceTree = "<group>"; };
		7F4B6E9C15614779006F5B1E /* Simple_TableAppDelegate.m */ = {isa = PBXFileReference; lastKnownFileType = sourcecode.c.objc; path = Simple_TableAppDelegate.m; sourceTree = "<group>"; };
		7F4B6E9E15614779006F5B1E /* Simple_TableViewController.h */ = {isa = PBXFileReference; lastKnownFileType = sourcecode.c.h; path = Simple_TableViewController.h; sourceTree = "<group>"; };
		7F4B6E9F15614779006F5B1E /* Simple_TableViewController.m */ = {isa = PBXFileReference; lastKnownFileType = sourcecode.c.objc; path = Simple_TableViewController.m; sourceTree = "<group>"; };
		7F4B6EA215614779006F5B1E /* en */ = {isa = PBXFileReference; lastKnownFileType = file.xib; name = en; path = en.lproj/Simple_TableViewController.xib; sourceTree = "<group>"; };
		7F4B6EA9156150AD006F5B1E /* star.png */ = {isa = PBXFileReference; lastKnownFileType = image.png; name = star.png; path = "../../../Desktop/Begin_iPhone4_Projects_2011_01_21/08 - Simple Table/star.png"; sourceTree = "<group>"; };
		7F4B6EAB15615323006F5B1E /* highLighted.png */ = {isa = PBXFileReference; lastKnownFileType = image.png; name = highLighted.png; path = ../../../Desktop/highLighted.png; sourceTree = "<group>"; };
		7F4B6EAD15615378006F5B1E /* star2.png */ = {isa = PBXFileReference; lastKnownFileType = image.png; name = star2.png; path = "../../../Desktop/Begin_iPhone4_Projects_2011_01_21/08 - Simple Table/star2.png"; sourceTree = "<group>"; };
/* End PBXFileReference section */

/* Begin PBXFrameworksBuildPhase section */
		7F4B6E8515614779006F5B1E /* Frameworks */ = {
			isa = PBXFrameworksBuildPhase;
			buildActionMask = 2147483647;
			files = (
				7F4B6E8D15614779006F5B1E /* UIKit.framework in Frameworks */,
				7F4B6E8F15614779006F5B1E /* Foundation.framework in Frameworks */,
				7F4B6E9115614779006F5B1E /* CoreGraphics.framework in Frameworks */,
			);
			runOnlyForDeploymentPostprocessing = 0;
		};
/* End PBXFrameworksBuildPhase section */

/* Begin PBXGroup section */
		7F4B6E7D15614778006F5B1E = {
			isa = PBXGroup;
			children = (
				7F4B6E9215614779006F5B1E /* Simple Table */,
				7F4B6E8B15614779006F5B1E /* Frameworks */,
				7F4B6E8915614779006F5B1E /* Products */,
			);
			sourceTree = "<group>";
		};
		7F4B6E8915614779006F5B1E /* Products */ = {
			isa = PBXGroup;
			children = (
				7F4B6E8815614779006F5B1E /* Simple Table.app */,
			);
			name = Products;
			sourceTree = "<group>";
		};
		7F4B6E8B15614779006F5B1E /* Frameworks */ = {
			isa = PBXGroup;
			children = (
				7F4B6E8C15614779006F5B1E /* UIKit.framework */,
				7F4B6E8E15614779006F5B1E /* Foundation.framework */,
				7F4B6E9015614779006F5B1E /* CoreGraphics.framework */,
			);
			name = Frameworks;
			sourceTree = "<group>";
		};
		7F4B6E9215614779006F5B1E /* Simple Table */ = {
			isa = PBXGroup;
			children = (
				7F4B6EAB15615323006F5B1E /* highLighted.png */,
				7F4B6EAD15615378006F5B1E /* star2.png */,
				7F4B6EA9156150AD006F5B1E /* star.png */,
				7F4B6E9B15614779006F5B1E /* Simple_TableAppDelegate.h */,
				7F4B6E9C15614779006F5B1E /* Simple_TableAppDelegate.m */,
				7F4B6E9E15614779006F5B1E /* Simple_TableViewController.h */,
				7F4B6E9F15614779006F5B1E /* Simple_TableViewController.m */,
				7F4B6EA115614779006F5B1E /* Simple_TableViewController.xib */,
				7F4B6E9315614779006F5B1E /* Supporting Files */,
			);
			path = "Simple Table";
			sourceTree = "<group>";
		};
		7F4B6E9315614779006F5B1E /* Supporting Files */ = {
			isa = PBXGroup;
			children = (
				7F4B6E9415614779006F5B1E /* Simple Table-Info.plist */,
				7F4B6E9515614779006F5B1E /* InfoPlist.strings */,
				7F4B6E9815614779006F5B1E /* main.m */,
				7F4B6E9A15614779006F5B1E /* Simple Table-Prefix.pch */,
			);
			name = "Supporting Files";
			sourceTree = "<group>";
		};
/* End PBXGroup section */

/* Begin PBXNativeTarget section */
		7F4B6E8715614779006F5B1E /* Simple Table */ = {
			isa = PBXNativeTarget;
			buildConfigurationList = 7F4B6EA615614779006F5B1E /* Build configuration list for PBXNativeTarget "Simple Table" */;
			buildPhases = (
				7F4B6E8415614779006F5B1E /* Sources */,
				7F4B6E8515614779006F5B1E /* Frameworks */,
				7F4B6E8615614779006F5B1E /* Resources */,
			);
			buildRules = (
			);
			dependencies = (
			);
			name = "Simple Table";
			productName = "Simple Table";
			productReference = 7F4B6E8815614779006F5B1E /* Simple Table.app */;
			productType = "com.apple.product-type.application";
		};
/* End PBXNativeTarget section */

/* Begin PBXProject section */
		7F4B6E7F15614778006F5B1E /* Project object */ = {
			isa = PBXProject;
			attributes = {
				LastUpgradeCheck = 0420;
			};
			buildConfigurationList = 7F4B6E8215614778006F5B1E /* Build configuration list for PBXProject "Simple Table" */;
			compatibilityVersion = "Xcode 3.2";
			developmentRegion = English;
			hasScannedForEncodings = 0;
			knownRegions = (
				en,
			);
			mainGroup = 7F4B6E7D15614778006F5B1E;
			productRefGroup = 7F4B6E8915614779006F5B1E /* Products */;
			projectDirPath = "";
			projectRoot = "";
			targets = (
				7F4B6E8715614779006F5B1E /* Simple Table */,
			);
		};
/* End PBXProject section */

/* Begin PBXResourcesBuildPhase section */
		7F4B6E8615614779006F5B1E /* Resources */ = {
			isa = PBXResourcesBuildPhase;
			buildActionMask = 2147483647;
			files = (
				7F4B6E9715614779006F5B1E /* InfoPlist.strings in Resources */,
				7F4B6EA315614779006F5B1E /* Simple_TableViewController.xib in Resources */,
				7F4B6EAA156150AD006F5B1E /* star.png in Resources */,
				7F4B6EAC15615323006F5B1E /* highLighted.png in Resources */,
				7F4B6EAE15615378006F5B1E /* star2.png in Resources */,
			);
			runOnlyForDeploymentPostprocessing = 0;
		};
/* End PBXResourcesBuildPhase section */

/* Begin PBXSourcesBuildPhase section */
		7F4B6E8415614779006F5B1E /* Sources */ = {
			isa = PBXSourcesBuildPhase;
			buildActionMask = 2147483647;
			files = (
				7F4B6E9915614779006F5B1E /* main.m in Sources */,
				7F4B6E9D15614779006F5B1E /* Simple_TableAppDelegate.m in Sources */,
				7F4B6EA015614779006F5B1E /* Simple_TableViewController.m in Sources */,
			);
			runOnlyForDeploymentPostprocessing = 0;
		};
/* End PBXSourcesBuildPhase section */

/* Begin PBXVariantGroup section */
		7F4B6E9515614779006F5B1E /* InfoPlist.strings */ = {
			isa = PBXVariantGroup;
			children = (
				7F4B6E9615614779006F5B1E /* en */,
			);
			name = InfoPlist.strings;
			sourceTree = "<group>";
		};
		7F4B6EA115614779006F5B1E /* Simple_TableViewController.xib */ = {
			isa = PBXVariantGroup;
			children = (
				7F4B6EA215614779006F5B1E /* en */,
			);
			name = Simple_TableViewController.xib;
			sourceTree = "<group>";
		};
/* End PBXVariantGroup section */

/* Begin XCBuildConfiguration section */
		7F4B6EA415614779006F5B1E /* Debug */ = {
			isa = XCBuildConfiguration;
			buildSettings = {
				ALWAYS_SEARCH_USER_PATHS = NO;
				ARCHS = "$(ARCHS_STANDARD_32_BIT)";
				"CODE_SIGN_IDENTITY[sdk=iphoneos*]" = "iPhone Developer";
				COPY_PHASE_STRIP = NO;
				GCC_C_LANGUAGE_STANDARD = gnu99;
				GCC_DYNAMIC_NO_PIC = NO;
				GCC_OPTIMIZATION_LEVEL = 0;
				GCC_PREPROCESSOR_DEFINITIONS = (
					"DEBUG=1",
					"$(inherited)",
				);
				GCC_SYMBOLS_PRIVATE_EXTERN = NO;
				GCC_VERSION = com.apple.compilers.llvm.clang.1_0;
				GCC_WARN_ABOUT_MISSING_PROTOTYPES = YES;
				GCC_WARN_ABOUT_RETURN_TYPE = YES;
				GCC_WARN_UNUSED_VARIABLE = YES;
				IPHONEOS_DEPLOYMENT_TARGET = 5.0;
				SDKROOT = iphoneos;
			};
			name = Debug;
		};
		7F4B6EA515614779006F5B1E /* Release */ = {
			isa = XCBuildConfiguration;
			buildSettings = {
				ALWAYS_SEARCH_USER_PATHS = NO;
				ARCHS = "$(ARCHS_STANDARD_32_BIT)";
				"CODE_SIGN_IDENTITY[sdk=iphoneos*]" = "iPhone Developer";
				COPY_PHASE_STRIP = YES;
				GCC_C_LANGUAGE_STANDARD = gnu99;
				GCC_VERSION = com.apple.compilers.llvm.clang.1_0;
				GCC_WARN_ABOUT_MISSING_PROTOTYPES = YES;
				GCC_WARN_ABOUT_RETURN_TYPE = YES;
				GCC_WARN_UNUSED_VARIABLE = YES;
				IPHONEOS_DEPLOYMENT_TARGET = 5.0;
				OTHER_CFLAGS = "-DNS_BLOCK_ASSERTIONS=1";
				SDKROOT = iphoneos;
				VALIDATE_PRODUCT = YES;
			};
			name = Release;
		};
		7F4B6EA715614779006F5B1E /* Debug */ = {
			isa = XCBuildConfiguration;
			buildSettings = {
				GCC_PRECOMPILE_PREFIX_HEADER = YES;
				GCC_PREFIX_HEADER = "Simple Table/Simple Table-Prefix.pch";
				INFOPLIST_FILE = "Simple Table/Simple Table-Info.plist";
				PRODUCT_NAME = "$(TARGET_NAME)";
				WRAPPER_EXTENSION = app;
			};
			name = Debug;
		};
		7F4B6EA815614779006F5B1E /* Release */ = {
			isa = XCBuildConfiguration;
			buildSettings = {
				GCC_PRECOMPILE_PREFIX_HEADER = YES;
				GCC_PREFIX_HEADER = "Simple Table/Simple Table-Prefix.pch";
				INFOPLIST_FILE = "Simple Table/Simple Table-Info.plist";
				PRODUCT_NAME = "$(TARGET_NAME)";
				WRAPPER_EXTENSION = app;
			};
			name = Release;
		};
/* End XCBuildConfiguration section */

/* Begin XCConfigurationList section */
		7F4B6E8215614778006F5B1E /* Build configuration list for PBXProject "Simple Table" */ = {
			isa = XCConfigurationList;
			buildConfigurations = (
				7F4B6EA415614779006F5B1E /* Debug */,
				7F4B6EA515614779006F5B1E /* Release */,
			);
			defaultConfigurationIsVisible = 0;
			defaultConfigurationName = Release;
		};
		7F4B6EA615614779006F5B1E /* Build configuration list for PBXNativeTarget "Simple Table" */ = {
			isa = XCConfigurationList;
			buildConfigurations = (
				7F4B6EA715614779006F5B1E /* Debug */,
				7F4B6EA815614779006F5B1E /* Release */,
			);
			defaultConfigurationIsVisible = 0;
		};
/* End XCConfigurationList section */
	};
	rootObject = 7F4B6E7F15614778006F5B1E /* Project object */;
}
